
Microsoft Visual Studio Solution File, Format Version 12.00
# Visual Studio Version 17
VisualStudioVersion = 17.11.35222.181
MinimumVisualStudioVersion = 10.0.40219.1
Project("{FAE04EC0-301F-11D3-BF4B-00C04F79EFBC}") = "CodigoExamen02", "CodigoExamen02.csproj", "{4FF0E9B7-0341-4C56-9C00-3463DEAE99DA}"
EndProject
Global
	GlobalSection(SolutionConfigurationPlatforms) = preSolution
		Debug|Any CPU = Debug|Any CPU
		Release|Any CPU = Release|Any CPU
	EndGlobalSection
	GlobalSection(ProjectConfigurationPlatforms) = postSolution
		{4FF0E9B7-0341-4C56-9C00-3463DEAE99DA}.Debug|Any CPU.ActiveCfg = Debug|Any CPU
		{4FF0E9B7-0341-4C56-9C00-3463DEAE99DA}.Debug|Any CPU.Build.0 = Debug|Any CPU
		{4FF0E9B7-0341-4C56-9C00-3463DEAE99DA}.Release|Any CPU.ActiveCfg = Release|Any CPU
		{4FF0E9B7-0341-4C56-9C00-3463DEAE99DA}.Release|Any CPU.Build.0 = Release|Any CPU
	EndGlobalSection
	GlobalSection(SolutionProperties) = preSolution
		HideSolutionNode = FALSE
	EndGlobalSection
	GlobalSection(ExtensibilityGlobals) = postSolution
		SolutionGuid = {4F26FB71-A41F-4DDE-9174-5EAF5A20F9F6}
	EndGlobalSection
EndGlobal
